
Microsoft Visual Studio Solution File, Format Version 12.00
# Visual Studio 15
Project("{FAE04EC0-301F-11D3-BF4B-00C04F79EFBC}") = "Obi", "Obi.csproj", "{05F6037F-3961-B933-777A-F8B0D2D917FC}"
EndProject
Project("{FAE04EC0-301F-11D3-BF4B-00C04F79EFBC}") = "Assembly-CSharp", "Assembly-CSharp.csproj", "{8CE4A89F-6FD8-2881-3A52-05F6900B97A0}"
EndProject
Project("{FAE04EC0-301F-11D3-BF4B-00C04F79EFBC}") = "Obi.Editor", "Obi.Editor.csproj", "{DD9043EC-14B5-C839-634A-9F96C31A6985}"
EndProject
Global
	GlobalSection(SolutionConfigurationPlatforms) = preSolution
		Debug|Any CPU = Debug|Any CPU
		Release|Any CPU = Release|Any CPU
	EndGlobalSection
	GlobalSection(ProjectConfigurationPlatforms) = postSolution
		{05F6037F-3961-B933-777A-F8B0D2D917FC}.Debug|Any CPU.ActiveCfg = Debug|Any CPU
		{05F6037F-3961-B933-777A-F8B0D2D917FC}.Debug|Any CPU.Build.0 = Debug|Any CPU
		{05F6037F-3961-B933-777A-F8B0D2D917FC}.Release|Any CPU.ActiveCfg = Release|Any CPU
		{05F6037F-3961-B933-777A-F8B0D2D917FC}.Release|Any CPU.Build.0 = Release|Any CPU
		{8CE4A89F-6FD8-2881-3A52-05F6900B97A0}.Debug|Any CPU.ActiveCfg = Debug|Any CPU
		{8CE4A89F-6FD8-2881-3A52-05F6900B97A0}.Debug|Any CPU.Build.0 = Debug|Any CPU
		{8CE4A89F-6FD8-2881-3A52-05F6900B97A0}.Release|Any CPU.ActiveCfg = Release|Any CPU
		{8CE4A89F-6FD8-2881-3A52-05F6900B97A0}.Release|Any CPU.Build.0 = Release|Any CPU
		{DD9043EC-14B5-C839-634A-9F96C31A6985}.Debug|Any CPU.ActiveCfg = Debug|Any CPU
		{DD9043EC-14B5-C839-634A-9F96C31A6985}.Debug|Any CPU.Build.0 = Debug|Any CPU
		{DD9043EC-14B5-C839-634A-9F96C31A6985}.Release|Any CPU.ActiveCfg = Release|Any CPU
		{DD9043EC-14B5-C839-634A-9F96C31A6985}.Release|Any CPU.Build.0 = Release|Any CPU
	EndGlobalSection
	GlobalSection(SolutionProperties) = preSolution
		HideSolutionNode = FALSE
	EndGlobalSection
EndGlobal
